
Microsoft Visual Studio Solution File, Format Version 12.00
# Visual Studio Version 16
VisualStudioVersion = 16.0.29215.179
MinimumVisualStudioVersion = 10.0.40219.1
Project("{9A19103F-16F7-4668-BE54-9A1E7A4F7556}") = "Basket", "Basket\Basket.csproj", "{7ED2984A-2726-4FF1-A550-0D871899C89F}"
EndProject
Project("{9A19103F-16F7-4668-BE54-9A1E7A4F7556}") = "Basket.Events", "Basket.Events\Basket.Events.csproj", "{C73FFBFA-80B9-49A9-81F1-A56C32582514}"
EndProject
Global
	GlobalSection(SolutionConfigurationPlatforms) = preSolution
		Debug|Any CPU = Debug|Any CPU
		Release|Any CPU = Release|Any CPU
	EndGlobalSection
	GlobalSection(ProjectConfigurationPlatforms) = postSolution
		{7ED2984A-2726-4FF1-A550-0D871899C89F}.Debug|Any CPU.ActiveCfg = Debug|Any CPU
		{7ED2984A-2726-4FF1-A550-0D871899C89F}.Debug|Any CPU.Build.0 = Debug|Any CPU
		{7ED2984A-2726-4FF1-A550-0D871899C89F}.Release|Any CPU.ActiveCfg = Release|Any CPU
		{7ED2984A-2726-4FF1-A550-0D871899C89F}.Release|Any CPU.Build.0 = Release|Any CPU
		{C73FFBFA-80B9-49A9-81F1-A56C32582514}.Debug|Any CPU.ActiveCfg = Debug|Any CPU
		{C73FFBFA-80B9-49A9-81F1-A56C32582514}.Debug|Any CPU.Build.0 = Debug|Any CPU
		{C73FFBFA-80B9-49A9-81F1-A56C32582514}.Release|Any CPU.ActiveCfg = Release|Any CPU
		{C73FFBFA-80B9-49A9-81F1-A56C32582514}.Release|Any CPU.Build.0 = Release|Any CPU
	EndGlobalSection
	GlobalSection(SolutionProperties) = preSolution
		HideSolutionNode = FALSE
	EndGlobalSection
	GlobalSection(ExtensibilityGlobals) = postSolution
		SolutionGuid = {5F493FAF-FFE2-4FAE-99B1-8E91D1E83719}
	EndGlobalSection
EndGlobal
